{
  "nodes": {
    "freetype-src": {
      "flake": false,
      "locked": {
        "lastModified": 1774192030,
        "narHash": "sha256-qmgJK9D60Ol5prUpsLzS+zY8WTPV2bfCoHX3lajAJ4Y=",
        "owner": "freetype",
        "repo": "freetype",
        "rev": "0a0221a1347e2f1e07c395263540026e9a0aa7c7",
        "type": "github"
      },
      "original": {
        "owner": "freetype",
        "repo": "freetype",
        "rev": "0a0221a1347e2f1e07c395263540026e9a0aa7c7",
        "type": "github"
      }
    },
    "glm-src": {
      "flake": false,
      "locked": {
        "lastModified": 1709054387,
        "narHash": "sha256-GnGyzNRpzuguc3yYbEFtYLvG+KiCtRAktiN+NvbOICE=",
        "owner": "g-truc",
        "repo": "glm",
        "rev": "0af55ccecd98d4e5a8d1fad7de25ba429d60e863",
        "type": "github"
      },
      "original": {
        "owner": "g-truc",
        "repo": "glm",
        "rev": "0af55ccecd98d4e5a8d1fad7de25ba429d60e863",
        "type": "github"
      }
    },
    "googletest-src": {
      "flake": false,
      "locked": {
        "lastModified": 1722432886,
        "narHash": "sha256-1OJ2SeSscRBNr7zZ/a8bJGIqAnhkg45re0j3DtPfcXM=",
        "owner": "google",
        "repo": "googletest",
        "rev": "b514bdc898e2951020cbdca1304b75f5950d1f59",
        "type": "github"
      },
      "original": {
        "owner": "google",
        "repo": "googletest",
        "rev": "b514bdc898e2951020cbdca1304b75f5950d1f59",
        "type": "github"
      }
    },
    "harfbuzz-src": {
      "flake": false,
      "locked": {
        "lastModified": 1787772425,
        "narHash": "sha256-n5deVuWDuFTgh4t+nmxqtAA7vJf30D5wYYijLBmhy50=",
        "owner": "harfbuzz",
        "repo": "harfbuzz",
        "rev": "36cb489cb02ce4b92099669ba9f9bea348eff93f",
        "type": "github"
      },
      "original": {
        "owner": "harfbuzz",
        "repo": "harfbuzz",
        "rev": "36cb489cb02ce4b92099669ba9f9bea348eff93f",
        "type": "github"
      }
    },
    "libspng-src": {
      "flake": false,
      "locked": {
        "lastModified": 1683553520,
        "narHash": "sha256-BiRuPQEKVJYYgfUsglIuxrBoJBFiQ0ygQmAFrVvCz4Q=",
        "owner": "randy408",
        "repo": "libspng",
        "rev": "fb768002d4288590083a476af628e51c3f1d47cd",
        "type": "github"
      },
      "original": {
        "owner": "randy408",
        "repo": "libspng",
        "rev": "fb768002d4288590083a476af628e51c3f1d47cd",
        "type": "github"
      }
    },
    "nixpkgs": {
      "locked": {
        "lastModified": 1788179007,
        "narHash": "sha256-hn1oU2rue2SYK8dAr8+WNZWtbsz1S2W5mnHlSEuh3bo=",
        "owner": "NixOS",
        "repo": "nixpkgs",
        "rev": "34ab99075ac4f7e40cf037eef32cb1c360bb85e9",
        "type": "github"
      },
      "original": {
        "owner": "NixOS",
        "ref": "nixos-unstable",
        "repo": "nixpkgs",
        "type": "github"
      }
    },
    "rapidhash-src": {
      "flake": false,
      "locked": {
        "lastModified": 1753320874,
        "narHash": "sha256-3J5/R3TcIqMkhst6sAxS3X/ZC7C5Jl60nPPMVyaugzc=",
        "owner": "Nicoshev",
        "repo": "rapidhash",
        "rev": "bc4b4baa48a15ff52ff4725e1ccdcda62815221c",
        "type": "github"
      },
      "original": {
        "owner": "Nicoshev",
        "repo": "rapidhash",
        "rev": "bc4b4baa48a15ff52ff4725e1ccdcda62815221c",
        "type": "github"
      }
    },
    "root": {
      "inputs": {
        "freetype-src": "freetype-src",
        "glm-src": "glm-src",
        "googletest-src": "googletest-src",
        "harfbuzz-src": "harfbuzz-src",
        "libspng-src": "libspng-src",
        "nixpkgs": "nixpkgs",
        "rapidhash-src": "rapidhash-src",
        "tinyobjloader-src": "tinyobjloader-src",
        "zlib-src": "zlib-src"
      }
    },
    "tinyobjloader-src": {
      "flake": false,
      "locked": {
        "lastModified": 1706312052,
        "narHash": "sha256-eEgy43IzhovTjEgLz3qNsRnOkp0bcvQdWve7jOidHX4=",
        "owner": "tinyobjloader",
        "repo": "tinyobjloader",
        "rev": "2945a967c5303b2c8c14174117c45f3302591150",
        "type": "github"
      },
      "original": {
        "owner": "tinyobjloader",
        "repo": "tinyobjloader",
        "rev": "2945a967c5303b2c8c14174117c45f3302591150",
        "type": "github"
      }
    },
    "zlib-src": {
      "flake": false,
      "locked": {
        "lastModified": 1771333279,
        "narHash": "sha256-Sthd9RsydSLaITNlBp6g1X35WKZdS4h7gr0QhRqdGoI=",
        "owner": "madler",
        "repo": "zlib",
        "rev": "da607da739fa6047df13e66a2af6b8bec7c2a498",
        "type": "github"
      },
      "original": {
        "owner": "madler",
        "repo": "zlib",
        "rev": "da607da739fa6047df13e66a2af6b8bec7c2a498",
        "type": "github"
      }
    }
  },
  "root": "root",
  "version": 7
}
